# THIS IS AN AUTOGENERATED FILE. DO NOT EDIT THIS FILE DIRECTLY.
# yarn lockfile v1


"@types/azdata@^1.41.0":
  version "1.41.0"
  resolved "https://registry.yarnpkg.com/@types/azdata/-/azdata-1.41.0.tgz#503d7d6a9c4aa719d05aa39a33aa76eaed8334fc"
  integrity sha512-6mw3UyZVirk5iTMNIwuv5TLr0SUxiHTmYnYieAPNakWJwz+gY+ZleoDrCQq7wnHyUMXFcZN5y2Z7kWUMuOdcWg==
  dependencies:
    "@types/vscode" "*"

"@types/node@^8.0.24":
  version "8.10.66"
  resolved "https://registry.yarnpkg.com/@types/node/-/node-8.10.66.tgz#dd035d409df322acc83dff62a602f12a5783bbb3"
  integrity sha512-tktOkFUA4kXx2hhhrB8bIFb5TbwzS4uOhKEmwiD+NoiL0qtP2OQ9mFldbgD4dV1djrlBYP6eBuQZiWjuHUpqFw==

"@types/vscode@*":
  version "1.52.0"
  resolved "https://registry.yarnpkg.com/@types/vscode/-/vscode-1.52.0.tgz#61917968dd403932127fc4004a21fd8d69e4f61c"
  integrity sha512-Kt3bvWzAvvF/WH9YEcrCICDp0Z7aHhJGhLJ1BxeyNP6yRjonWqWnAIh35/pXAjswAnWOABrYlF7SwXR9+1nnLA==

"@vscode/extension-telemetry@0.6.1":
  version "0.6.1"
  resolved "https://registry.yarnpkg.com/@vscode/extension-telemetry/-/extension-telemetry-0.6.1.tgz#f8d1f7145baf932b75077c48107edff48501fc14"
  integrity sha512-Y4Oc8yGURGVF4WhCZcu+EVy+MAIeQDLDVeDlLn59H0C1w+7xr8dL2ZtDBioy+Hog1Edrd6zOwr3Na7xe1iC/UA==

typescript@4.3.4:
  version "4.3.4"
  resolved "https://registry.yarnpkg.com/typescript/-/typescript-4.3.4.tgz#3f85b986945bcf31071decdd96cf8bfa65f9dcbc"
  integrity sha512-uauPG7XZn9F/mo+7MrsRjyvbxFpzemRjKEZXS4AK83oP2KKOJPvb+9cO/gmnv8arWZvhnjVOXz7B49m1l0e9Ew==
