# THIS IS AN AUTOGENERATED FILE. DO NOT EDIT THIS FILE DIRECTLY.
# yarn lockfile v1


"@microsoft/1ds-core-js@4.3.5", "@microsoft/1ds-core-js@^4.3.4":
  version "4.3.5"
  resolved "https://registry.yarnpkg.com/@microsoft/1ds-core-js/-/1ds-core-js-4.3.5.tgz#6ff1942850be7c1029f3b6a7108c79d08443e3c7"
  integrity sha512-WozEs1DB8FtqFtPcTilKhMZvhyEEw0bzehl+5S8lvncIIXcAbJx9ga6zpx6XqJ1CxmHAQen4MLgMYCLDBIzcNQ==
  dependencies:
    "@microsoft/applicationinsights-core-js" "3.3.5"
    "@microsoft/applicationinsights-shims" "3.0.1"
    "@microsoft/dynamicproto-js" "^2.0.3"
    "@nevware21/ts-async" ">= 0.5.4 < 2.x"
    "@nevware21/ts-utils" ">= 0.11.6 < 2.x"

"@microsoft/1ds-post-js@^4.3.4":
  version "4.3.5"
  resolved "https://registry.yarnpkg.com/@microsoft/1ds-post-js/-/1ds-post-js-4.3.5.tgz#42d34929286c9a97f26b78e5325d333191817bd6"
  integrity sha512-AavxRU6qrzZuqDn2W5tiQ0bIqAWQrkyLV7VUn4ZzeB/0ekKCgfBouT69GpmfL1fu2wztlFcQaMpj/V8PXIxW+A==
  dependencies:
    "@microsoft/1ds-core-js" "4.3.5"
    "@microsoft/applicationinsights-shims" "3.0.1"
    "@microsoft/dynamicproto-js" "^2.0.3"
    "@nevware21/ts-async" ">= 0.5.4 < 2.x"
    "@nevware21/ts-utils" ">= 0.11.6 < 2.x"

"@microsoft/applicationinsights-channel-js@3.3.5":
  version "3.3.5"
  resolved "https://registry.yarnpkg.com/@microsoft/applicationinsights-channel-js/-/applicationinsights-channel-js-3.3.5.tgz#9c4711bdb73c78637356363a0c8e8adb3efb61cf"
  integrity sha512-q9iE5alabgddwnxIDxgYLwC/3OMjYNOPk87p3jY+KxO0UmJGhiv7C1uI62zpx4AHBGT2+q6pMbIZdgld9TmMrw==
  dependencies:
    "@microsoft/applicationinsights-common" "3.3.5"
    "@microsoft/applicationinsights-core-js" "3.3.5"
    "@microsoft/applicationinsights-shims" "3.0.1"
    "@microsoft/dynamicproto-js" "^2.0.3"
    "@nevware21/ts-async" ">= 0.5.4 < 2.x"
    "@nevware21/ts-utils" ">= 0.11.6 < 2.x"

"@microsoft/applicationinsights-common@3.3.5":
  version "3.3.5"
  resolved "https://registry.yarnpkg.com/@microsoft/applicationinsights-common/-/applicationinsights-common-3.3.5.tgz#a83b4a5a5fb81656f6384a9cd10e60a9dad7d20a"
  integrity sha512-zZgMOY3ePBhjTrZ8+MXwAb0Y+Yi4iVDKOqIaz/KoCmj1BxX5JKFgaqYiN8Tvu5O0YPJpEKS4coYXRHbStDm/Hw==
  dependencies:
    "@microsoft/applicationinsights-core-js" "3.3.5"
    "@microsoft/applicationinsights-shims" "3.0.1"
    "@microsoft/dynamicproto-js" "^2.0.3"
    "@nevware21/ts-utils" ">= 0.11.6 < 2.x"

"@microsoft/applicationinsights-core-js@3.3.5":
  version "3.3.5"
  resolved "https://registry.yarnpkg.com/@microsoft/applicationinsights-core-js/-/applicationinsights-core-js-3.3.5.tgz#9dc1bebbfdafa31620b0c2a43b4fac39961c3471"
  integrity sha512-8Gg18W5eOE3usXtkZ5iOqWAMU97hyjb7Oi1CtkWmxEoMUHMlQmqUD62n9BmVq/s5YfbUihGZHxc0keMJy0txAA==
  dependencies:
    "@microsoft/applicationinsights-shims" "3.0.1"
    "@microsoft/dynamicproto-js" "^2.0.3"
    "@nevware21/ts-async" ">= 0.5.4 < 2.x"
    "@nevware21/ts-utils" ">= 0.11.6 < 2.x"

"@microsoft/applicationinsights-shims@3.0.1":
  version "3.0.1"
  resolved "https://registry.yarnpkg.com/@microsoft/applicationinsights-shims/-/applicationinsights-shims-3.0.1.tgz#3865b73ace8405b9c4618cc5c571f2fe3876f06f"
  integrity sha512-DKwboF47H1nb33rSUfjqI6ryX29v+2QWcTrRvcQDA32AZr5Ilkr7whOOSsD1aBzwqX0RJEIP1Z81jfE3NBm/Lg==
  dependencies:
    "@nevware21/ts-utils" ">= 0.9.4 < 2.x"

"@microsoft/applicationinsights-web-basic@^3.3.4":
  version "3.3.5"
  resolved "https://registry.yarnpkg.com/@microsoft/applicationinsights-web-basic/-/applicationinsights-web-basic-3.3.5.tgz#a502b1ba50094dc31a310f5fa5af9b98084bd359"
  integrity sha512-nYLyxjO3p74SHxq/JctDndD6P/3YBLY1F/F+h2AdJsaMavSGudU7ylMb2IMQc1X+yqFZ4H4cUvkxljj/SiBi2g==
  dependencies:
    "@microsoft/applicationinsights-channel-js" "3.3.5"
    "@microsoft/applicationinsights-common" "3.3.5"
    "@microsoft/applicationinsights-core-js" "3.3.5"
    "@microsoft/applicationinsights-shims" "3.0.1"
    "@microsoft/dynamicproto-js" "^2.0.3"
    "@nevware21/ts-async" ">= 0.5.4 < 2.x"
    "@nevware21/ts-utils" ">= 0.11.6 < 2.x"

"@microsoft/dynamicproto-js@^2.0.3":
  version "2.0.3"
  resolved "https://registry.yarnpkg.com/@microsoft/dynamicproto-js/-/dynamicproto-js-2.0.3.tgz#ae2b408061e3ff01a97078429fc768331e239256"
  integrity sha512-JTWTU80rMy3mdxOjjpaiDQsTLZ6YSGGqsjURsY6AUQtIj0udlF/jYmhdLZu8693ZIC0T1IwYnFa0+QeiMnziBA==
  dependencies:
    "@nevware21/ts-utils" ">= 0.10.4 < 2.x"

"@nevware21/ts-async@>= 0.5.4 < 2.x":
  version "0.5.4"
  resolved "https://registry.yarnpkg.com/@nevware21/ts-async/-/ts-async-0.5.4.tgz#52f8449dd0b3b16aa317a18b4662f6fb13a135f1"
  integrity sha512-IBTyj29GwGlxfzXw2NPnzty+w0Adx61Eze1/lknH/XIVdxtF9UnOpk76tnrHXWa6j84a1RR9hsOcHQPFv9qJjA==
  dependencies:
    "@nevware21/ts-utils" ">= 0.11.6 < 2.x"

"@nevware21/ts-utils@>= 0.10.4 < 2.x", "@nevware21/ts-utils@>= 0.11.6 < 2.x", "@nevware21/ts-utils@>= 0.9.4 < 2.x":
  version "0.11.6"
  resolved "https://registry.yarnpkg.com/@nevware21/ts-utils/-/ts-utils-0.11.6.tgz#49f43d0c488fcf127ef4bdd1356637092ed0c7e2"
  integrity sha512-OUUJTh3fnaUSzg9DEHgv3d7jC+DnPL65mIO7RaR+jWve7+MmcgIvF79gY97DPQ4frH+IpNR78YAYd/dW4gK3kg==

"@types/azdata@^1.46.6":
  version "1.46.6"
  resolved "https://registry.yarnpkg.com/@types/azdata/-/azdata-1.46.6.tgz#7403bfabc59b2b7fa48bef9cc1e86848f41afdc8"
  integrity sha512-lOvRgMxrYuia+8l3EB+j5IaeGLHubmNf3RgGu9OmAxGAyXayjhZLoNAEjqNnVy/MmA35lwAXDpv2PDbNpCCnDA==
  dependencies:
    "@types/vscode" "*"

"@types/node@20.x":
  version "20.17.17"
  resolved "https://registry.yarnpkg.com/@types/node/-/node-20.17.17.tgz#5cea2af2e271313742c14f418eaf5dcfa8ae2e3a"
  integrity sha512-/WndGO4kIfMicEQLTi/mDANUu/iVUhT7KboZPdEqqHQ4aTS+3qT3U5gIqWDFV+XouorjfgGqvKILJeHhuQgFYg==
  dependencies:
    undici-types "~6.19.2"

"@types/vscode@*":
  version "1.52.0"
  resolved "https://registry.yarnpkg.com/@types/vscode/-/vscode-1.52.0.tgz#61917968dd403932127fc4004a21fd8d69e4f61c"
  integrity sha512-Kt3bvWzAvvF/WH9YEcrCICDp0Z7aHhJGhLJ1BxeyNP6yRjonWqWnAIh35/pXAjswAnWOABrYlF7SwXR9+1nnLA==

"@vscode/extension-telemetry@0.9.8":
  version "0.9.8"
  resolved "https://registry.yarnpkg.com/@vscode/extension-telemetry/-/extension-telemetry-0.9.8.tgz#109a9db5e09d5b05f9403a3fef60d5963b668fc3"
  integrity sha512-7YcKoUvmHlIB8QYCE4FNzt3ErHi9gQPhdCM3ZWtpw1bxPT0I+lMdx52KHlzTNoJzQ2NvMX7HyzyDwBEiMgTrWQ==
  dependencies:
    "@microsoft/1ds-core-js" "^4.3.4"
    "@microsoft/1ds-post-js" "^4.3.4"
    "@microsoft/applicationinsights-web-basic" "^3.3.4"

typescript@5.7.3:
  version "5.7.3"
  resolved "https://registry.yarnpkg.com/typescript/-/typescript-5.7.3.tgz#919b44a7dbb8583a9b856d162be24a54bf80073e"
  integrity sha512-84MVSjMEHP+FQRPy3pX9sTVV/INIex71s9TL2Gm5FG/WG1SqXeKyZ0k7/blY/4FdOzI12CBy1vGc4og/eus0fw==

undici-types@~6.19.2:
  version "6.19.8"
  resolved "https://registry.yarnpkg.com/undici-types/-/undici-types-6.19.8.tgz#35111c9d1437ab83a7cdc0abae2f26d88eda0a02"
  integrity sha512-ve2KP6f/JnbPBFyobGHuerC9g1FYGn/F8n1LWTwNxCEzd6IfqTwUQcNXgEtmmQ6DlRrC1hrSrBnCZPokRrDHjw==
