# THIS IS AN AUTOGENERATED FILE. DO NOT EDIT THIS FILE DIRECTLY.
# yarn lockfile v1


"@types/azdata@^1.41.0":
  version "1.41.0"
  resolved "https://registry.yarnpkg.com/@types/azdata/-/azdata-1.41.0.tgz#503d7d6a9c4aa719d05aa39a33aa76eaed8334fc"
  integrity sha512-6mw3UyZVirk5iTMNIwuv5TLr0SUxiHTmYnYieAPNakWJwz+gY+ZleoDrCQq7wnHyUMXFcZN5y2Z7kWUMuOdcWg==
  dependencies:
    "@types/vscode" "*"

"@types/node@20.x":
  version "20.17.17"
  resolved "https://registry.yarnpkg.com/@types/node/-/node-20.17.17.tgz#5cea2af2e271313742c14f418eaf5dcfa8ae2e3a"
  integrity sha512-/WndGO4kIfMicEQLTi/mDANUu/iVUhT7KboZPdEqqHQ4aTS+3qT3U5gIqWDFV+XouorjfgGqvKILJeHhuQgFYg==
  dependencies:
    undici-types "~6.19.2"

"@types/vscode@*":
  version "1.52.0"
  resolved "https://registry.yarnpkg.com/@types/vscode/-/vscode-1.52.0.tgz#61917968dd403932127fc4004a21fd8d69e4f61c"
  integrity sha512-Kt3bvWzAvvF/WH9YEcrCICDp0Z7aHhJGhLJ1BxeyNP6yRjonWqWnAIh35/pXAjswAnWOABrYlF7SwXR9+1nnLA==

"@vscode/extension-telemetry@0.6.1":
  version "0.6.1"
  resolved "https://registry.yarnpkg.com/@vscode/extension-telemetry/-/extension-telemetry-0.6.1.tgz#f8d1f7145baf932b75077c48107edff48501fc14"
  integrity sha512-Y4Oc8yGURGVF4WhCZcu+EVy+MAIeQDLDVeDlLn59H0C1w+7xr8dL2ZtDBioy+Hog1Edrd6zOwr3Na7xe1iC/UA==

typescript@5.7.3:
  version "5.7.3"
  resolved "https://registry.yarnpkg.com/typescript/-/typescript-5.7.3.tgz#919b44a7dbb8583a9b856d162be24a54bf80073e"
  integrity sha512-84MVSjMEHP+FQRPy3pX9sTVV/INIex71s9TL2Gm5FG/WG1SqXeKyZ0k7/blY/4FdOzI12CBy1vGc4og/eus0fw==

undici-types@~6.19.2:
  version "6.19.8"
  resolved "https://registry.yarnpkg.com/undici-types/-/undici-types-6.19.8.tgz#35111c9d1437ab83a7cdc0abae2f26d88eda0a02"
  integrity sha512-ve2KP6f/JnbPBFyobGHuerC9g1FYGn/F8n1LWTwNxCEzd6IfqTwUQcNXgEtmmQ6DlRrC1hrSrBnCZPokRrDHjw==
